// !$*UTF8*$!
{
	archiveVersion = 1;
	classes = {
	};
	objectVersion = 56;
	objects = {

/* Begin PBXBuildFile section */
		4C46214B297D67B3008EC0CA /* ImageBootcamp.swift in Sources */ = {isa = PBXBuildFile; fileRef = 4C46214A297D67B3008EC0CA /* ImageBootcamp.swift */; };
		4C46214D297D6F22008EC0CA /* FrameBootcamp.swift in Sources */ = {isa = PBXBuildFile; fileRef = 4C46214C297D6F22008EC0CA /* FrameBootcamp.swift */; };
		4C46214F297D7D65008EC0CA /* BackgroundOverlayBootcamp.swift in Sources */ = {isa = PBXBuildFile; fileRef = 4C46214E297D7D65008EC0CA /* BackgroundOverlayBootcamp.swift */; };
		4C51546B297D55F1009045F4 /* GradientsBootcamp.swift in Sources */ = {isa = PBXBuildFile; fileRef = 4C51546A297D55F1009045F4 /* GradientsBootcamp.swift */; };
		4C51546D297D6323009045F4 /* IconsBootcamp.swift in Sources */ = {isa = PBXBuildFile; fileRef = 4C51546C297D6323009045F4 /* IconsBootcamp.swift */; };
		4C6D48E0297C75340099D5B6 /* TextBootcamp.swift in Sources */ = {isa = PBXBuildFile; fileRef = 4C6D48DF297C75340099D5B6 /* TextBootcamp.swift */; };
		4C6D48E2297C83AC0099D5B6 /* ShapesBootcamp.swift in Sources */ = {isa = PBXBuildFile; fileRef = 4C6D48E1297C83AC0099D5B6 /* ShapesBootcamp.swift */; };
		4C82A16D2980354300AF1ACE /* ButtonsBootcamp.swift in Sources */ = {isa = PBXBuildFile; fileRef = 4C82A16C2980354300AF1ACE /* ButtonsBootcamp.swift */; };
		4C82A16F2980466600AF1ACE /* StateBootcamp.swift in Sources */ = {isa = PBXBuildFile; fileRef = 4C82A16E2980466600AF1ACE /* StateBootcamp.swift */; };
		4C82A17129804B4700AF1ACE /* ExtractedFunctionsBootcamp.swift in Sources */ = {isa = PBXBuildFile; fileRef = 4C82A17029804B4700AF1ACE /* ExtractedFunctionsBootcamp.swift */; };
		4C82A1732980516D00AF1ACE /* ExtractSubviewsBootcamp.swift in Sources */ = {isa = PBXBuildFile; fileRef = 4C82A1722980516D00AF1ACE /* ExtractSubviewsBootcamp.swift */; };
		4C82A175298099F500AF1ACE /* BindingsBootcamp.swift in Sources */ = {isa = PBXBuildFile; fileRef = 4C82A174298099F500AF1ACE /* BindingsBootcamp.swift */; };
		4C82A17729809E3F00AF1ACE /* ConditionalBootcamp.swift in Sources */ = {isa = PBXBuildFile; fileRef = 4C82A17629809E3F00AF1ACE /* ConditionalBootcamp.swift */; };
		4C82A1792980A2CD00AF1ACE /* TernaryBootcamp.swift in Sources */ = {isa = PBXBuildFile; fileRef = 4C82A1782980A2CD00AF1ACE /* TernaryBootcamp.swift */; };
		4C82A17B2980A4AE00AF1ACE /* AnimationBootcamp.swift in Sources */ = {isa = PBXBuildFile; fileRef = 4C82A17A2980A4AE00AF1ACE /* AnimationBootcamp.swift */; };
		4C82A17D2981C50500AF1ACE /* AnimationCurves.swift in Sources */ = {isa = PBXBuildFile; fileRef = 4C82A17C2981C50500AF1ACE /* AnimationCurves.swift */; };
		4C82A17F2981C8B000AF1ACE /* TransitionBootcamp.swift in Sources */ = {isa = PBXBuildFile; fileRef = 4C82A17E2981C8B000AF1ACE /* TransitionBootcamp.swift */; };
		4C82A1812981D88300AF1ACE /* SheetsBootcamp.swift in Sources */ = {isa = PBXBuildFile; fileRef = 4C82A1802981D88300AF1ACE /* SheetsBootcamp.swift */; };
		4C82A1832981DDC800AF1ACE /* PopOverBootcamp.swift in Sources */ = {isa = PBXBuildFile; fileRef = 4C82A1822981DDC800AF1ACE /* PopOverBootcamp.swift */; };
		4C82A1852981E3C400AF1ACE /* NavigationViewBootcamp.swift in Sources */ = {isa = PBXBuildFile; fileRef = 4C82A1842981E3C400AF1ACE /* NavigationViewBootcamp.swift */; };
		4C82A1872981E99D00AF1ACE /* ListBootcamp.swift in Sources */ = {isa = PBXBuildFile; fileRef = 4C82A1862981E99D00AF1ACE /* ListBootcamp.swift */; };
		4C86A7DB2983295A00A9D487 /* ContextMenuBootcamp.swift in Sources */ = {isa = PBXBuildFile; fileRef = 4C86A7DA2983295A00A9D487 /* ContextMenuBootcamp.swift */; };
		4C86A7DD29832C8600A9D487 /* TextFieldBootcamp.swift in Sources */ = {isa = PBXBuildFile; fileRef = 4C86A7DC29832C8600A9D487 /* TextFieldBootcamp.swift */; };
		4C892F762983350200D74542 /* TextEditorBootcamp.swift in Sources */ = {isa = PBXBuildFile; fileRef = 4C892F752983350200D74542 /* TextEditorBootcamp.swift */; };
		4C91AD0B29847FBF008EC4AD /* TabviewBootcamp.swift in Sources */ = {isa = PBXBuildFile; fileRef = 4C91AD0A29847FBF008EC4AD /* TabviewBootcamp.swift */; };
		4C91AD0D2984858F008EC4AD /* DarkmodeBootcamp.swift in Sources */ = {isa = PBXBuildFile; fileRef = 4C91AD0C2984858F008EC4AD /* DarkmodeBootcamp.swift */; };
		4C91AD0F29848863008EC4AD /* DocumentationBootcamp.swift in Sources */ = {isa = PBXBuildFile; fileRef = 4C91AD0E29848863008EC4AD /* DocumentationBootcamp.swift */; };
		4CA479B42984023B008E6944 /* ToggleBootcamp.swift in Sources */ = {isa = PBXBuildFile; fileRef = 4CA479B32984023B008E6944 /* ToggleBootcamp.swift */; };
		4CA479B6298406D5008E6944 /* PickerBootcamp.swift in Sources */ = {isa = PBXBuildFile; fileRef = 4CA479B5298406D5008E6944 /* PickerBootcamp.swift */; };
		4CA479BA29840F4C008E6944 /* ColorPickerBootcamp.swift in Sources */ = {isa = PBXBuildFile; fileRef = 4CA479B929840F4C008E6944 /* ColorPickerBootcamp.swift */; };
		4CA479BC298414B5008E6944 /* DatePickerBootcamp.swift in Sources */ = {isa = PBXBuildFile; fileRef = 4CA479BB298414B5008E6944 /* DatePickerBootcamp.swift */; };
		4CA479BE2984188E008E6944 /* StepperBootcamp.swift in Sources */ = {isa = PBXBuildFile; fileRef = 4CA479BD2984188E008E6944 /* StepperBootcamp.swift */; };
		4CA479C029841ACF008E6944 /* SliderBootcamp.swift in Sources */ = {isa = PBXBuildFile; fileRef = 4CA479BF29841ACF008E6944 /* SliderBootcamp.swift */; };
		4CA736DE297DA48D00F2CC91 /* StackBootcamp.swift in Sources */ = {isa = PBXBuildFile; fileRef = 4CA736DD297DA48D00F2CC91 /* StackBootcamp.swift */; };
		4CA736E0297DB22400F2CC91 /* PaddingSpacingBootcamp.swift in Sources */ = {isa = PBXBuildFile; fileRef = 4CA736DF297DB22400F2CC91 /* PaddingSpacingBootcamp.swift */; };
		4CA736E2297DC71600F2CC91 /* SandboxTill11.swift in Sources */ = {isa = PBXBuildFile; fileRef = 4CA736E1297DC71600F2CC91 /* SandboxTill11.swift */; };
		4CA736E4297DE9B800F2CC91 /* PracticeScreen1.swift in Sources */ = {isa = PBXBuildFile; fileRef = 4CA736E3297DE9B800F2CC91 /* PracticeScreen1.swift */; };
		4CB08DCB29851DE900B1EB18 /* OnAppearBootcamp.swift in Sources */ = {isa = PBXBuildFile; fileRef = 4CB08DCA29851DE900B1EB18 /* OnAppearBootcamp.swift */; };
		4CBA2D1E297F350700088F2E /* SpacerBootcamp.swift in Sources */ = {isa = PBXBuildFile; fileRef = 4CBA2D1D297F350700088F2E /* SpacerBootcamp.swift */; };
		4CBA2D20297F3AC500088F2E /* InitializeBootcamp.swift in Sources */ = {isa = PBXBuildFile; fileRef = 4CBA2D1F297F3AC500088F2E /* InitializeBootcamp.swift */; };
		4CBA2D22297F41CD00088F2E /* ForeachBootcamp.swift in Sources */ = {isa = PBXBuildFile; fileRef = 4CBA2D21297F41CD00088F2E /* ForeachBootcamp.swift */; };
		4CBA2D24297F485F00088F2E /* ScrollViewBootcamp.swift in Sources */ = {isa = PBXBuildFile; fileRef = 4CBA2D23297F485F00088F2E /* ScrollViewBootcamp.swift */; };
		4CBA2D26298021A900088F2E /* GridBootcamp.swift in Sources */ = {isa = PBXBuildFile; fileRef = 4CBA2D25298021A900088F2E /* GridBootcamp.swift */; };
		4CBA2D2829802E1D00088F2E /* SafeAreaBootcamp.swift in Sources */ = {isa = PBXBuildFile; fileRef = 4CBA2D2729802E1D00088F2E /* SafeAreaBootcamp.swift */; };
		4CC414B02982A20C0028690C /* AlertBootcamp.swift in Sources */ = {isa = PBXBuildFile; fileRef = 4CC414AF2982A20C0028690C /* AlertBootcamp.swift */; };
		4CC414B22982AE180028690C /* ActionSheetBootcamp.swift in Sources */ = {isa = PBXBuildFile; fileRef = 4CC414B12982AE180028690C /* ActionSheetBootcamp.swift */; };
		4CD65F692978AADC00BC5C30 /* FirstAppApp.swift in Sources */ = {isa = PBXBuildFile; fileRef = 4CD65F682978AADC00BC5C30 /* FirstAppApp.swift */; };
		4CD65F6B2978AADC00BC5C30 /* ContentView.swift in Sources */ = {isa = PBXBuildFile; fileRef = 4CD65F6A2978AADC00BC5C30 /* ContentView.swift */; };
		4CD65F6D2978AADE00BC5C30 /* Assets.xcassets in Resources */ = {isa = PBXBuildFile; fileRef = 4CD65F6C2978AADE00BC5C30 /* Assets.xcassets */; };
		4CD65F702978AADE00BC5C30 /* Preview Assets.xcassets in Resources */ = {isa = PBXBuildFile; fileRef = 4CD65F6F2978AADE00BC5C30 /* Preview Assets.xcassets */; };
		4CD65F7A2978AADE00BC5C30 /* FirstAppTests.swift in Sources */ = {isa = PBXBuildFile; fileRef = 4CD65F792978AADE00BC5C30 /* FirstAppTests.swift */; };
		4CD65F842978AADE00BC5C30 /* FirstAppUITests.swift in Sources */ = {isa = PBXBuildFile; fileRef = 4CD65F832978AADE00BC5C30 /* FirstAppUITests.swift */; };
		4CD65F862978AADE00BC5C30 /* FirstAppUITestsLaunchTests.swift in Sources */ = {isa = PBXBuildFile; fileRef = 4CD65F852978AADE00BC5C30 /* FirstAppUITestsLaunchTests.swift */; };
/* End PBXBuildFile section */

/* Begin PBXContainerItemProxy section */
		4CD65F762978AADE00BC5C30 /* PBXContainerItemProxy */ = {
			isa = PBXContainerItemProxy;
			containerPortal = 4CD65F5D2978AADC00BC5C30 /* Project object */;
			proxyType = 1;
			remoteGlobalIDString = 4CD65F642978AADC00BC5C30;
			remoteInfo = FirstApp;
		};
		4CD65F802978AADE00BC5C30 /* PBXContainerItemProxy */ = {
			isa = PBXContainerItemProxy;
			containerPortal = 4CD65F5D2978AADC00BC5C30 /* Project object */;
			proxyType = 1;
			remoteGlobalIDString = 4CD65F642978AADC00BC5C30;
			remoteInfo = FirstApp;
		};
/* End PBXContainerItemProxy section */

/* Begin PBXFileReference section */
		4C46214A297D67B3008EC0CA /* ImageBootcamp.swift */ = {isa = PBXFileReference; lastKnownFileType = sourcecode.swift; path = ImageBootcamp.swift; sourceTree = "<group>"; };
		4C46214C297D6F22008EC0CA /* FrameBootcamp.swift */ = {isa = PBXFileReference; lastKnownFileType = sourcecode.swift; path = FrameBootcamp.swift; sourceTree = "<group>"; };
		4C46214E297D7D65008EC0CA /* BackgroundOverlayBootcamp.swift */ = {isa = PBXFileReference; lastKnownFileType = sourcecode.swift; path = BackgroundOverlayBootcamp.swift; sourceTree = "<group>"; };
		4C51546A297D55F1009045F4 /* GradientsBootcamp.swift */ = {isa = PBXFileReference; lastKnownFileType = sourcecode.swift; path = GradientsBootcamp.swift; sourceTree = "<group>"; };
		4C51546C297D6323009045F4 /* IconsBootcamp.swift */ = {isa = PBXFileReference; lastKnownFileType = sourcecode.swift; path = IconsBootcamp.swift; sourceTree = "<group>"; };
		4C6D48DF297C75340099D5B6 /* TextBootcamp.swift */ = {isa = PBXFileReference; lastKnownFileType = sourcecode.swift; path = TextBootcamp.swift; sourceTree = "<group>"; };
		4C6D48E1297C83AC0099D5B6 /* ShapesBootcamp.swift */ = {isa = PBXFileReference; lastKnownFileType = sourcecode.swift; path = ShapesBootcamp.swift; sourceTree = "<group>"; };
		4C82A16C2980354300AF1ACE /* ButtonsBootcamp.swift */ = {isa = PBXFileReference; lastKnownFileType = sourcecode.swift; path = ButtonsBootcamp.swift; sourceTree = "<group>"; };
		4C82A16E2980466600AF1ACE /* StateBootcamp.swift */ = {isa = PBXFileReference; lastKnownFileType = sourcecode.swift; path = StateBootcamp.swift; sourceTree = "<group>"; };
		4C82A17029804B4700AF1ACE /* ExtractedFunctionsBootcamp.swift */ = {isa = PBXFileReference; lastKnownFileType = sourcecode.swift; path = ExtractedFunctionsBootcamp.swift; sourceTree = "<group>"; };
		4C82A1722980516D00AF1ACE /* ExtractSubviewsBootcamp.swift */ = {isa = PBXFileReference; lastKnownFileType = sourcecode.swift; path = ExtractSubviewsBootcamp.swift; sourceTree = "<group>"; };
		4C82A174298099F500AF1ACE /* BindingsBootcamp.swift */ = {isa = PBXFileReference; lastKnownFileType = sourcecode.swift; path = BindingsBootcamp.swift; sourceTree = "<group>"; };
		4C82A17629809E3F00AF1ACE /* ConditionalBootcamp.swift */ = {isa = PBXFileReference; lastKnownFileType = sourcecode.swift; path = ConditionalBootcamp.swift; sourceTree = "<group>"; };
		4C82A1782980A2CD00AF1ACE /* TernaryBootcamp.swift */ = {isa = PBXFileReference; lastKnownFileType = sourcecode.swift; path = TernaryBootcamp.swift; sourceTree = "<group>"; };
		4C82A17A2980A4AE00AF1ACE /* AnimationBootcamp.swift */ = {isa = PBXFileReference; lastKnownFileType = sourcecode.swift; path = AnimationBootcamp.swift; sourceTree = "<group>"; };
		4C82A17C2981C50500AF1ACE /* AnimationCurves.swift */ = {isa = PBXFileReference; lastKnownFileType = sourcecode.swift; path = AnimationCurves.swift; sourceTree = "<group>"; };
		4C82A17E2981C8B000AF1ACE /* TransitionBootcamp.swift */ = {isa = PBXFileReference; lastKnownFileType = sourcecode.swift; path = TransitionBootcamp.swift; sourceTree = "<group>"; };
		4C82A1802981D88300AF1ACE /* SheetsBootcamp.swift */ = {isa = PBXFileReference; lastKnownFileType = sourcecode.swift; path = SheetsBootcamp.swift; sourceTree = "<group>"; };
		4C82A1822981DDC800AF1ACE /* PopOverBootcamp.swift */ = {isa = PBXFileReference; lastKnownFileType = sourcecode.swift; path = PopOverBootcamp.swift; sourceTree = "<group>"; };
		4C82A1842981E3C400AF1ACE /* NavigationViewBootcamp.swift */ = {isa = PBXFileReference; lastKnownFileType = sourcecode.swift; path = NavigationViewBootcamp.swift; sourceTree = "<group>"; };
		4C82A1862981E99D00AF1ACE /* ListBootcamp.swift */ = {isa = PBXFileReference; lastKnownFileType = sourcecode.swift; path = ListBootcamp.swift; sourceTree = "<group>"; };
		4C86A7DA2983295A00A9D487 /* ContextMenuBootcamp.swift */ = {isa = PBXFileReference; lastKnownFileType = sourcecode.swift; path = ContextMenuBootcamp.swift; sourceTree = "<group>"; };
		4C86A7DC29832C8600A9D487 /* TextFieldBootcamp.swift */ = {isa = PBXFileReference; lastKnownFileType = sourcecode.swift; path = TextFieldBootcamp.swift; sourceTree = "<group>"; };
		4C892F752983350200D74542 /* TextEditorBootcamp.swift */ = {isa = PBXFileReference; lastKnownFileType = sourcecode.swift; path = TextEditorBootcamp.swift; sourceTree = "<group>"; };
		4C91AD0A29847FBF008EC4AD /* TabviewBootcamp.swift */ = {isa = PBXFileReference; lastKnownFileType = sourcecode.swift; path = TabviewBootcamp.swift; sourceTree = "<group>"; };
		4C91AD0C2984858F008EC4AD /* DarkmodeBootcamp.swift */ = {isa = PBXFileReference; lastKnownFileType = sourcecode.swift; path = DarkmodeBootcamp.swift; sourceTree = "<group>"; };
		4C91AD0E29848863008EC4AD /* DocumentationBootcamp.swift */ = {isa = PBXFileReference; lastKnownFileType = sourcecode.swift; path = DocumentationBootcamp.swift; sourceTree = "<group>"; };
		4CA479B32984023B008E6944 /* ToggleBootcamp.swift */ = {isa = PBXFileReference; lastKnownFileType = sourcecode.swift; path = ToggleBootcamp.swift; sourceTree = "<group>"; };
		4CA479B5298406D5008E6944 /* PickerBootcamp.swift */ = {isa = PBXFileReference; lastKnownFileType = sourcecode.swift; path = PickerBootcamp.swift; sourceTree = "<group>"; };
		4CA479B929840F4C008E6944 /* ColorPickerBootcamp.swift */ = {isa = PBXFileReference; lastKnownFileType = sourcecode.swift; path = ColorPickerBootcamp.swift; sourceTree = "<group>"; };
		4CA479BB298414B5008E6944 /* DatePickerBootcamp.swift */ = {isa = PBXFileReference; lastKnownFileType = sourcecode.swift; path = DatePickerBootcamp.swift; sourceTree = "<group>"; };
		4CA479BD2984188E008E6944 /* StepperBootcamp.swift */ = {isa = PBXFileReference; lastKnownFileType = sourcecode.swift; path = StepperBootcamp.swift; sourceTree = "<group>"; };
		4CA479BF29841ACF008E6944 /* SliderBootcamp.swift */ = {isa = PBXFileReference; lastKnownFileType = sourcecode.swift; path = SliderBootcamp.swift; sourceTree = "<group>"; };
		4CA736DD297DA48D00F2CC91 /* StackBootcamp.swift */ = {isa = PBXFileReference; lastKnownFileType = sourcecode.swift; path = StackBootcamp.swift; sourceTree = "<group>"; };
		4CA736DF297DB22400F2CC91 /* PaddingSpacingBootcamp.swift */ = {isa = PBXFileReference; lastKnownFileType = sourcecode.swift; path = PaddingSpacingBootcamp.swift; sourceTree = "<group>"; };
		4CA736E1297DC71600F2CC91 /* SandboxTill11.swift */ = {isa = PBXFileReference; lastKnownFileType = sourcecode.swift; path = SandboxTill11.swift; sourceTree = "<group>"; };
		4CA736E3297DE9B800F2CC91 /* PracticeScreen1.swift */ = {isa = PBXFileReference; lastKnownFileType = sourcecode.swift; path = PracticeScreen1.swift; sourceTree = "<group>"; };
		4CB08DCA29851DE900B1EB18 /* OnAppearBootcamp.swift */ = {isa = PBXFileReference; lastKnownFileType = sourcecode.swift; path = OnAppearBootcamp.swift; sourceTree = "<group>"; };
		4CBA2D1D297F350700088F2E /* SpacerBootcamp.swift */ = {isa = PBXFileReference; lastKnownFileType = sourcecode.swift; path = SpacerBootcamp.swift; sourceTree = "<group>"; };
		4CBA2D1F297F3AC500088F2E /* InitializeBootcamp.swift */ = {isa = PBXFileReference; lastKnownFileType = sourcecode.swift; path = InitializeBootcamp.swift; sourceTree = "<group>"; };
		4CBA2D21297F41CD00088F2E /* ForeachBootcamp.swift */ = {isa = PBXFileReference; lastKnownFileType = sourcecode.swift; path = ForeachBootcamp.swift; sourceTree = "<group>"; };
		4CBA2D23297F485F00088F2E /* ScrollViewBootcamp.swift */ = {isa = PBXFileReference; lastKnownFileType = sourcecode.swift; path = ScrollViewBootcamp.swift; sourceTree = "<group>"; };
		4CBA2D25298021A900088F2E /* GridBootcamp.swift */ = {isa = PBXFileReference; lastKnownFileType = sourcecode.swift; path = GridBootcamp.swift; sourceTree = "<group>"; };
		4CBA2D2729802E1D00088F2E /* SafeAreaBootcamp.swift */ = {isa = PBXFileReference; lastKnownFileType = sourcecode.swift; path = SafeAreaBootcamp.swift; sourceTree = "<group>"; };
		4CC414AF2982A20C0028690C /* AlertBootcamp.swift */ = {isa = PBXFileReference; lastKnownFileType = sourcecode.swift; path = AlertBootcamp.swift; sourceTree = "<group>"; };
		4CC414B12982AE180028690C /* ActionSheetBootcamp.swift */ = {isa = PBXFileReference; lastKnownFileType = sourcecode.swift; path = ActionSheetBootcamp.swift; sourceTree = "<group>"; };
		4CD0CF75297C964E00BFA2FB /* ColorsBootcamp.swift */ = {isa = PBXFileReference; lastKnownFileType = sourcecode.swift; path = ColorsBootcamp.swift; sourceTree = "<group>"; };
		4CD65F652978AADC00BC5C30 /* FirstApp.app */ = {isa = PBXFileReference; explicitFileType = wrapper.application; includeInIndex = 0; path = FirstApp.app; sourceTree = BUILT_PRODUCTS_DIR; };
		4CD65F682978AADC00BC5C30 /* FirstAppApp.swift */ = {isa = PBXFileReference; lastKnownFileType = sourcecode.swift; path = FirstAppApp.swift; sourceTree = "<group>"; };
		4CD65F6A2978AADC00BC5C30 /* ContentView.swift */ = {isa = PBXFileReference; lastKnownFileType = sourcecode.swift; path = ContentView.swift; sourceTree = "<group>"; };
		4CD65F6C2978AADE00BC5C30 /* Assets.xcassets */ = {isa = PBXFileReference; lastKnownFileType = folder.assetcatalog; path = Assets.xcassets; sourceTree = "<group>"; };
		4CD65F6F2978AADE00BC5C30 /* Preview Assets.xcassets */ = {isa = PBXFileReference; lastKnownFileType = folder.assetcatalog; path = "Preview Assets.xcassets"; sourceTree = "<group>"; };
		4CD65F752978AADE00BC5C30 /* FirstAppTests.xctest */ = {isa = PBXFileReference; explicitFileType = wrapper.cfbundle; includeInIndex = 0; path = FirstAppTests.xctest; sourceTree = BUILT_PRODUCTS_DIR; };
		4CD65F792978AADE00BC5C30 /* FirstAppTests.swift */ = {isa = PBXFileReference; lastKnownFileType = sourcecode.swift; path = FirstAppTests.swift; sourceTree = "<group>"; };
		4CD65F7F2978AADE00BC5C30 /* FirstAppUITests.xctest */ = {isa = PBXFileReference; explicitFileType = wrapper.cfbundle; includeInIndex = 0; path = FirstAppUITests.xctest; sourceTree = BUILT_PRODUCTS_DIR; };
		4CD65F832978AADE00BC5C30 /* FirstAppUITests.swift */ = {isa = PBXFileReference; lastKnownFileType = sourcecode.swift; path = FirstAppUITests.swift; sourceTree = "<group>"; };
		4CD65F852978AADE00BC5C30 /* FirstAppUITestsLaunchTests.swift */ = {isa = PBXFileReference; lastKnownFileType = sourcecode.swift; path = FirstAppUITestsLaunchTests.swift; sourceTree = "<group>"; };
/* End PBXFileReference section */

/* Begin PBXFrameworksBuildPhase section */
		4CD65F622978AADC00BC5C30 /* Frameworks */ = {
			isa = PBXFrameworksBuildPhase;
			buildActionMask = 2147483647;
			files = (
			);
			runOnlyForDeploymentPostprocessing = 0;
		};
		4CD65F722978AADE00BC5C30 /* Frameworks */ = {
			isa = PBXFrameworksBuildPhase;
			buildActionMask = 2147483647;
			files = (
			);
			runOnlyForDeploymentPostprocessing = 0;
		};
		4CD65F7C2978AADE00BC5C30 /* Frameworks */ = {
			isa = PBXFrameworksBuildPhase;
			buildActionMask = 2147483647;
			files = (
			);
			runOnlyForDeploymentPostprocessing = 0;
		};
/* End PBXFrameworksBuildPhase section */

/* Begin PBXGroup section */
		4CD65F5C2978AADC00BC5C30 = {
			isa = PBXGroup;
			children = (
				4CD65F672978AADC00BC5C30 /* FirstApp */,
				4CD65F782978AADE00BC5C30 /* FirstAppTests */,
				4CD65F822978AADE00BC5C30 /* FirstAppUITests */,
				4CD65F662978AADC00BC5C30 /* Products */,
			);
			sourceTree = "<group>";
		};
		4CD65F662978AADC00BC5C30 /* Products */ = {
			isa = PBXGroup;
			children = (
				4CD65F652978AADC00BC5C30 /* FirstApp.app */,
				4CD65F752978AADE00BC5C30 /* FirstAppTests.xctest */,
				4CD65F7F2978AADE00BC5C30 /* FirstAppUITests.xctest */,
			);
			name = Products;
			sourceTree = "<group>";
		};
		4CD65F672978AADC00BC5C30 /* FirstApp */ = {
			isa = PBXGroup;
			children = (
				4CD65F682978AADC00BC5C30 /* FirstAppApp.swift */,
				4CA736E3297DE9B800F2CC91 /* PracticeScreen1.swift */,
				4CD65F6A2978AADC00BC5C30 /* ContentView.swift */,
				4C51546A297D55F1009045F4 /* GradientsBootcamp.swift */,
				4CBA2D21297F41CD00088F2E /* ForeachBootcamp.swift */,
				4C82A16C2980354300AF1ACE /* ButtonsBootcamp.swift */,
				4C82A17E2981C8B000AF1ACE /* TransitionBootcamp.swift */,
				4C86A7DA2983295A00A9D487 /* ContextMenuBootcamp.swift */,
				4CB08DCA29851DE900B1EB18 /* OnAppearBootcamp.swift */,
				4C86A7DC29832C8600A9D487 /* TextFieldBootcamp.swift */,
				4CA479B5298406D5008E6944 /* PickerBootcamp.swift */,
				4CA479BD2984188E008E6944 /* StepperBootcamp.swift */,
				4CA479BB298414B5008E6944 /* DatePickerBootcamp.swift */,
				4CA479B929840F4C008E6944 /* ColorPickerBootcamp.swift */,
				4C91AD0C2984858F008EC4AD /* DarkmodeBootcamp.swift */,
				4C91AD0A29847FBF008EC4AD /* TabviewBootcamp.swift */,
				4CA479BF29841ACF008E6944 /* SliderBootcamp.swift */,
				4CA479B32984023B008E6944 /* ToggleBootcamp.swift */,
				4C82A1862981E99D00AF1ACE /* ListBootcamp.swift */,
				4C892F752983350200D74542 /* TextEditorBootcamp.swift */,
				4C91AD0E29848863008EC4AD /* DocumentationBootcamp.swift */,
				4C51546C297D6323009045F4 /* IconsBootcamp.swift */,
				4CBA2D25298021A900088F2E /* GridBootcamp.swift */,
				4CC414B12982AE180028690C /* ActionSheetBootcamp.swift */,
				4C82A17A2980A4AE00AF1ACE /* AnimationBootcamp.swift */,
				4CA736E1297DC71600F2CC91 /* SandboxTill11.swift */,
				4CC414AF2982A20C0028690C /* AlertBootcamp.swift */,
				4C82A17C2981C50500AF1ACE /* AnimationCurves.swift */,
				4C82A174298099F500AF1ACE /* BindingsBootcamp.swift */,
				4CD0CF75297C964E00BFA2FB /* ColorsBootcamp.swift */,
				4CBA2D23297F485F00088F2E /* ScrollViewBootcamp.swift */,
				4C46214E297D7D65008EC0CA /* BackgroundOverlayBootcamp.swift */,
				4C82A1822981DDC800AF1ACE /* PopOverBootcamp.swift */,
				4CA736DD297DA48D00F2CC91 /* StackBootcamp.swift */,
				4C82A17629809E3F00AF1ACE /* ConditionalBootcamp.swift */,
				4C82A1802981D88300AF1ACE /* SheetsBootcamp.swift */,
				4CBA2D2729802E1D00088F2E /* SafeAreaBootcamp.swift */,
				4C82A1722980516D00AF1ACE /* ExtractSubviewsBootcamp.swift */,
				4C82A16E2980466600AF1ACE /* StateBootcamp.swift */,
				4C82A1842981E3C400AF1ACE /* NavigationViewBootcamp.swift */,
				4CBA2D1D297F350700088F2E /* SpacerBootcamp.swift */,
				4C82A1782980A2CD00AF1ACE /* TernaryBootcamp.swift */,
				4C82A17029804B4700AF1ACE /* ExtractedFunctionsBootcamp.swift */,
				4C46214A297D67B3008EC0CA /* ImageBootcamp.swift */,
				4CBA2D1F297F3AC500088F2E /* InitializeBootcamp.swift */,
				4CA736DF297DB22400F2CC91 /* PaddingSpacingBootcamp.swift */,
				4C6D48DF297C75340099D5B6 /* TextBootcamp.swift */,
				4C6D48E1297C83AC0099D5B6 /* ShapesBootcamp.swift */,
				4C46214C297D6F22008EC0CA /* FrameBootcamp.swift */,
				4CD65F6C2978AADE00BC5C30 /* Assets.xcassets */,
				4CD65F6E2978AADE00BC5C30 /* Preview Content */,
			);
			path = FirstApp;
			sourceTree = "<group>";
		};
		4CD65F6E2978AADE00BC5C30 /* Preview Content */ = {
			isa = PBXGroup;
			children = (
				4CD65F6F2978AADE00BC5C30 /* Preview Assets.xcassets */,
			);
			path = "Preview Content";
			sourceTree = "<group>";
		};
		4CD65F782978AADE00BC5C30 /* FirstAppTests */ = {
			isa = PBXGroup;
			children = (
				4CD65F792978AADE00BC5C30 /* FirstAppTests.swift */,
			);
			path = FirstAppTests;
			sourceTree = "<group>";
		};
		4CD65F822978AADE00BC5C30 /* FirstAppUITests */ = {
			isa = PBXGroup;
			children = (
				4CD65F832978AADE00BC5C30 /* FirstAppUITests.swift */,
				4CD65F852978AADE00BC5C30 /* FirstAppUITestsLaunchTests.swift */,
			);
			path = FirstAppUITests;
			sourceTree = "<group>";
		};
/* End PBXGroup section */

/* Begin PBXNativeTarget section */
		4CD65F642978AADC00BC5C30 /* FirstApp */ = {
			isa = PBXNativeTarget;
			buildConfigurationList = 4CD65F892978AADE00BC5C30 /* Build configuration list for PBXNativeTarget "FirstApp" */;
			buildPhases = (
				4CD65F612978AADC00BC5C30 /* Sources */,
				4CD65F622978AADC00BC5C30 /* Frameworks */,
				4CD65F632978AADC00BC5C30 /* Resources */,
			);
			buildRules = (
			);
			dependencies = (
			);
			name = FirstApp;
			productName = FirstApp;
			productReference = 4CD65F652978AADC00BC5C30 /* FirstApp.app */;
			productType = "com.apple.product-type.application";
		};
		4CD65F742978AADE00BC5C30 /* FirstAppTests */ = {
			isa = PBXNativeTarget;
			buildConfigurationList = 4CD65F8C2978AADE00BC5C30 /* Build configuration list for PBXNativeTarget "FirstAppTests" */;
			buildPhases = (
				4CD65F712978AADE00BC5C30 /* Sources */,
				4CD65F722978AADE00BC5C30 /* Frameworks */,
				4CD65F732978AADE00BC5C30 /* Resources */,
			);
			buildRules = (
			);
			dependencies = (
				4CD65F772978AADE00BC5C30 /* PBXTargetDependency */,
			);
			name = FirstAppTests;
			productName = FirstAppTests;
			productReference = 4CD65F752978AADE00BC5C30 /* FirstAppTests.xctest */;
			productType = "com.apple.product-type.bundle.unit-test";
		};
		4CD65F7E2978AADE00BC5C30 /* FirstAppUITests */ = {
			isa = PBXNativeTarget;
			buildConfigurationList = 4CD65F8F2978AADE00BC5C30 /* Build configuration list for PBXNativeTarget "FirstAppUITests" */;
			buildPhases = (
				4CD65F7B2978AADE00BC5C30 /* Sources */,
				4CD65F7C2978AADE00BC5C30 /* Frameworks */,
				4CD65F7D2978AADE00BC5C30 /* Resources */,
			);
			buildRules = (
			);
			dependencies = (
				4CD65F812978AADE00BC5C30 /* PBXTargetDependency */,
			);
			name = FirstAppUITests;
			productName = FirstAppUITests;
			productReference = 4CD65F7F2978AADE00BC5C30 /* FirstAppUITests.xctest */;
			productType = "com.apple.product-type.bundle.ui-testing";
		};
/* End PBXNativeTarget section */

/* Begin PBXProject section */
		4CD65F5D2978AADC00BC5C30 /* Project object */ = {
			isa = PBXProject;
			attributes = {
				BuildIndependentTargetsInParallel = 1;
				LastSwiftUpdateCheck = 1420;
				LastUpgradeCheck = 1420;
				TargetAttributes = {
					4CD65F642978AADC00BC5C30 = {
						CreatedOnToolsVersion = 14.2;
					};
					4CD65F742978AADE00BC5C30 = {
						CreatedOnToolsVersion = 14.2;
						TestTargetID = 4CD65F642978AADC00BC5C30;
					};
					4CD65F7E2978AADE00BC5C30 = {
						CreatedOnToolsVersion = 14.2;
						TestTargetID = 4CD65F642978AADC00BC5C30;
					};
				};
			};
			buildConfigurationList = 4CD65F602978AADC00BC5C30 /* Build configuration list for PBXProject "FirstApp" */;
			compatibilityVersion = "Xcode 14.0";
			developmentRegion = en;
			hasScannedForEncodings = 0;
			knownRegions = (
				en,
				Base,
			);
			mainGroup = 4CD65F5C2978AADC00BC5C30;
			productRefGroup = 4CD65F662978AADC00BC5C30 /* Products */;
			projectDirPath = "";
			projectRoot = "";
			targets = (
				4CD65F642978AADC00BC5C30 /* FirstApp */,
				4CD65F742978AADE00BC5C30 /* FirstAppTests */,
				4CD65F7E2978AADE00BC5C30 /* FirstAppUITests */,
			);
		};
/* End PBXProject section */

/* Begin PBXResourcesBuildPhase section */
		4CD65F632978AADC00BC5C30 /* Resources */ = {
			isa = PBXResourcesBuildPhase;
			buildActionMask = 2147483647;
			files = (
				4CD65F702978AADE00BC5C30 /* Preview Assets.xcassets in Resources */,
				4CD65F6D2978AADE00BC5C30 /* Assets.xcassets in Resources */,
			);
			runOnlyForDeploymentPostprocessing = 0;
		};
		4CD65F732978AADE00BC5C30 /* Resources */ = {
			isa = PBXResourcesBuildPhase;
			buildActionMask = 2147483647;
			files = (
			);
			runOnlyForDeploymentPostprocessing = 0;
		};
		4CD65F7D2978AADE00BC5C30 /* Resources */ = {
			isa = PBXResourcesBuildPhase;
			buildActionMask = 2147483647;
			files = (
			);
			runOnlyForDeploymentPostprocessing = 0;
		};
/* End PBXResourcesBuildPhase section */

/* Begin PBXSourcesBuildPhase section */
		4CD65F612978AADC00BC5C30 /* Sources */ = {
			isa = PBXSourcesBuildPhase;
			buildActionMask = 2147483647;
			files = (
				4C82A17129804B4700AF1ACE /* ExtractedFunctionsBootcamp.swift in Sources */,
				4CA736E2297DC71600F2CC91 /* SandboxTill11.swift in Sources */,
				4C46214F297D7D65008EC0CA /* BackgroundOverlayBootcamp.swift in Sources */,
				4C82A1832981DDC800AF1ACE /* PopOverBootcamp.swift in Sources */,
				4CA736E0297DB22400F2CC91 /* PaddingSpacingBootcamp.swift in Sources */,
				4CA479BE2984188E008E6944 /* StepperBootcamp.swift in Sources */,
				4C51546B297D55F1009045F4 /* GradientsBootcamp.swift in Sources */,
				4CBA2D1E297F350700088F2E /* SpacerBootcamp.swift in Sources */,
				4C6D48E2297C83AC0099D5B6 /* ShapesBootcamp.swift in Sources */,
				4C82A1872981E99D00AF1ACE /* ListBootcamp.swift in Sources */,
				4C82A17729809E3F00AF1ACE /* ConditionalBootcamp.swift in Sources */,
				4CA736E4297DE9B800F2CC91 /* PracticeScreen1.swift in Sources */,
				4C91AD0F29848863008EC4AD /* DocumentationBootcamp.swift in Sources */,
				4C82A16F2980466600AF1ACE /* StateBootcamp.swift in Sources */,
				4C82A17F2981C8B000AF1ACE /* TransitionBootcamp.swift in Sources */,
				4CBA2D20297F3AC500088F2E /* InitializeBootcamp.swift in Sources */,
				4CD65F6B2978AADC00BC5C30 /* ContentView.swift in Sources */,
				4C82A17D2981C50500AF1ACE /* AnimationCurves.swift in Sources */,
				4C46214B297D67B3008EC0CA /* ImageBootcamp.swift in Sources */,
				4C82A175298099F500AF1ACE /* BindingsBootcamp.swift in Sources */,
				4CBA2D26298021A900088F2E /* GridBootcamp.swift in Sources */,
				4C51546D297D6323009045F4 /* IconsBootcamp.swift in Sources */,
				4C82A16D2980354300AF1ACE /* ButtonsBootcamp.swift in Sources */,
				4C6D48E0297C75340099D5B6 /* TextBootcamp.swift in Sources */,
				4CBA2D2829802E1D00088F2E /* SafeAreaBootcamp.swift in Sources */,
				4C86A7DB2983295A00A9D487 /* ContextMenuBootcamp.swift in Sources */,
				4CA479BC298414B5008E6944 /* DatePickerBootcamp.swift in Sources */,
				4CC414B22982AE180028690C /* ActionSheetBootcamp.swift in Sources */,
				4C86A7DD29832C8600A9D487 /* TextFieldBootcamp.swift in Sources */,
				4C892F762983350200D74542 /* TextEditorBootcamp.swift in Sources */,
				4CBA2D24297F485F00088F2E /* ScrollViewBootcamp.swift in Sources */,
				4CA479BA29840F4C008E6944 /* ColorPickerBootcamp.swift in Sources */,
				4CA479C029841ACF008E6944 /* SliderBootcamp.swift in Sources */,
				4C82A1852981E3C400AF1ACE /* NavigationViewBootcamp.swift in Sources */,
				4CC414B02982A20C0028690C /* AlertBootcamp.swift in Sources */,
				4CA479B42984023B008E6944 /* ToggleBootcamp.swift in Sources */,
				4C91AD0D2984858F008EC4AD /* DarkmodeBootcamp.swift in Sources */,
				4C82A17B2980A4AE00AF1ACE /* AnimationBootcamp.swift in Sources */,
				4C46214D297D6F22008EC0CA /* FrameBootcamp.swift in Sources */,
				4C91AD0B29847FBF008EC4AD /* TabviewBootcamp.swift in Sources */,
				4C82A1812981D88300AF1ACE /* SheetsBootcamp.swift in Sources */,
				4CA479B6298406D5008E6944 /* PickerBootcamp.swift in Sources */,
				4CBA2D22297F41CD00088F2E /* ForeachBootcamp.swift in Sources */,
				4C82A1792980A2CD00AF1ACE /* TernaryBootcamp.swift in Sources */,
				4CB08DCB29851DE900B1EB18 /* OnAppearBootcamp.swift in Sources */,
				4CD65F692978AADC00BC5C30 /* FirstAppApp.swift in Sources */,
				4CA736DE297DA48D00F2CC91 /* StackBootcamp.swift in Sources */,
				4C82A1732980516D00AF1ACE /* ExtractSubviewsBootcamp.swift in Sources */,
			);
			runOnlyForDeploymentPostprocessing = 0;
		};
		4CD65F712978AADE00BC5C30 /* Sources */ = {
			isa = PBXSourcesBuildPhase;
			buildActionMask = 2147483647;
			files = (
				4CD65F7A2978AADE00BC5C30 /* FirstAppTests.swift in Sources */,
			);
			runOnlyForDeploymentPostprocessing = 0;
		};
		4CD65F7B2978AADE00BC5C30 /* Sources */ = {
			isa = PBXSourcesBuildPhase;
			buildActionMask = 2147483647;
			files = (
				4CD65F862978AADE00BC5C30 /* FirstAppUITestsLaunchTests.swift in Sources */,
				4CD65F842978AADE00BC5C30 /* FirstAppUITests.swift in Sources */,
			);
			runOnlyForDeploymentPostprocessing = 0;
		};
/* End PBXSourcesBuildPhase section */

/* Begin PBXTargetDependency section */
		4CD65F772978AADE00BC5C30 /* PBXTargetDependency */ = {
			isa = PBXTargetDependency;
			target = 4CD65F642978AADC00BC5C30 /* FirstApp */;
			targetProxy = 4CD65F762978AADE00BC5C30 /* PBXContainerItemProxy */;
		};
		4CD65F812978AADE00BC5C30 /* PBXTargetDependency */ = {
			isa = PBXTargetDependency;
			target = 4CD65F642978AADC00BC5C30 /* FirstApp */;
			targetProxy = 4CD65F802978AADE00BC5C30 /* PBXContainerItemProxy */;
		};
/* End PBXTargetDependency section */

/* Begin XCBuildConfiguration section */
		4CD65F872978AADE00BC5C30 /* Debug */ = {
			isa = XCBuildConfiguration;
			buildSettings = {
				ALWAYS_SEARCH_USER_PATHS = NO;
				CLANG_ANALYZER_NONNULL = YES;
				CLANG_ANALYZER_NUMBER_OBJECT_CONVERSION = YES_AGGRESSIVE;
				CLANG_CXX_LANGUAGE_STANDARD = "gnu++20";
				CLANG_ENABLE_MODULES = YES;
				CLANG_ENABLE_OBJC_ARC = YES;
				CLANG_ENABLE_OBJC_WEAK = YES;
				CLANG_WARN_BLOCK_CAPTURE_AUTORELEASING = YES;
				CLANG_WARN_BOOL_CONVERSION = YES;
				CLANG_WARN_COMMA = YES;
				CLANG_WARN_CONSTANT_CONVERSION = YES;
				CLANG_WARN_DEPRECATED_OBJC_IMPLEMENTATIONS = YES;
				CLANG_WARN_DIRECT_OBJC_ISA_USAGE = YES_ERROR;
				CLANG_WARN_DOCUMENTATION_COMMENTS = YES;
				CLANG_WARN_EMPTY_BODY = YES;
				CLANG_WARN_ENUM_CONVERSION = YES;
				CLANG_WARN_INFINITE_RECURSION = YES;
				CLANG_WARN_INT_CONVERSION = YES;
				CLANG_WARN_NON_LITERAL_NULL_CONVERSION = YES;
				CLANG_WARN_OBJC_IMPLICIT_RETAIN_SELF = YES;
				CLANG_WARN_OBJC_LITERAL_CONVERSION = YES;
				CLANG_WARN_OBJC_ROOT_CLASS = YES_ERROR;
				CLANG_WARN_QUOTED_INCLUDE_IN_FRAMEWORK_HEADER = YES;
				CLANG_WARN_RANGE_LOOP_ANALYSIS = YES;
				CLANG_WARN_STRICT_PROTOTYPES = YES;
				CLANG_WARN_SUSPICIOUS_MOVE = YES;
				CLANG_WARN_UNGUARDED_AVAILABILITY = YES_AGGRESSIVE;
				CLANG_WARN_UNREACHABLE_CODE = YES;
				CLANG_WARN__DUPLICATE_METHOD_MATCH = YES;
				COPY_PHASE_STRIP = NO;
				DEBUG_INFORMATION_FORMAT = dwarf;
				ENABLE_STRICT_OBJC_MSGSEND = YES;
				ENABLE_TESTABILITY = YES;
				GCC_C_LANGUAGE_STANDARD = gnu11;
				GCC_DYNAMIC_NO_PIC = NO;
				GCC_NO_COMMON_BLOCKS = YES;
				GCC_OPTIMIZATION_LEVEL = 0;
				GCC_PREPROCESSOR_DEFINITIONS = (
					"DEBUG=1",
					"$(inherited)",
				);
				GCC_WARN_64_TO_32_BIT_CONVERSION = YES;
				GCC_WARN_ABOUT_RETURN_TYPE = YES_ERROR;
				GCC_WARN_UNDECLARED_SELECTOR = YES;
				GCC_WARN_UNINITIALIZED_AUTOS = YES_AGGRESSIVE;
				GCC_WARN_UNUSED_FUNCTION = YES;
				GCC_WARN_UNUSED_VARIABLE = YES;
				IPHONEOS_DEPLOYMENT_TARGET = 16.2;
				MTL_ENABLE_DEBUG_INFO = INCLUDE_SOURCE;
				MTL_FAST_MATH = YES;
				ONLY_ACTIVE_ARCH = YES;
				SDKROOT = iphoneos;
				SWIFT_ACTIVE_COMPILATION_CONDITIONS = DEBUG;
				SWIFT_OPTIMIZATION_LEVEL = "-Onone";
			};
			name = Debug;
		};
		4CD65F882978AADE00BC5C30 /* Release */ = {
			isa = XCBuildConfiguration;
			buildSettings = {
				ALWAYS_SEARCH_USER_PATHS = NO;
				CLANG_ANALYZER_NONNULL = YES;
				CLANG_ANALYZER_NUMBER_OBJECT_CONVERSION = YES_AGGRESSIVE;
				CLANG_CXX_LANGUAGE_STANDARD = "gnu++20";
				CLANG_ENABLE_MODULES = YES;
				CLANG_ENABLE_OBJC_ARC = YES;
				CLANG_ENABLE_OBJC_WEAK = YES;
				CLANG_WARN_BLOCK_CAPTURE_AUTORELEASING = YES;
				CLANG_WARN_BOOL_CONVERSION = YES;
				CLANG_WARN_COMMA = YES;
				CLANG_WARN_CONSTANT_CONVERSION = YES;
				CLANG_WARN_DEPRECATED_OBJC_IMPLEMENTATIONS = YES;
				CLANG_WARN_DIRECT_OBJC_ISA_USAGE = YES_ERROR;
				CLANG_WARN_DOCUMENTATION_COMMENTS = YES;
				CLANG_WARN_EMPTY_BODY = YES;
				CLANG_WARN_ENUM_CONVERSION = YES;
				CLANG_WARN_INFINITE_RECURSION = YES;
				CLANG_WARN_INT_CONVERSION = YES;
				CLANG_WARN_NON_LITERAL_NULL_CONVERSION = YES;
				CLANG_WARN_OBJC_IMPLICIT_RETAIN_SELF = YES;
				CLANG_WARN_OBJC_LITERAL_CONVERSION = YES;
				CLANG_WARN_OBJC_ROOT_CLASS = YES_ERROR;
				CLANG_WARN_QUOTED_INCLUDE_IN_FRAMEWORK_HEADER = YES;
				CLANG_WARN_RANGE_LOOP_ANALYSIS = YES;
				CLANG_WARN_STRICT_PROTOTYPES = YES;
				CLANG_WARN_SUSPICIOUS_MOVE = YES;
				CLANG_WARN_UNGUARDED_AVAILABILITY = YES_AGGRESSIVE;
				CLANG_WARN_UNREACHABLE_CODE = YES;
				CLANG_WARN__DUPLICATE_METHOD_MATCH = YES;
				COPY_PHASE_STRIP = NO;
				DEBUG_INFORMATION_FORMAT = "dwarf-with-dsym";
				ENABLE_NS_ASSERTIONS = NO;
				ENABLE_STRICT_OBJC_MSGSEND = YES;
				GCC_C_LANGUAGE_STANDARD = gnu11;
				GCC_NO_COMMON_BLOCKS = YES;
				GCC_WARN_64_TO_32_BIT_CONVERSION = YES;
				GCC_WARN_ABOUT_RETURN_TYPE = YES_ERROR;
				GCC_WARN_UNDECLARED_SELECTOR = YES;
				GCC_WARN_UNINITIALIZED_AUTOS = YES_AGGRESSIVE;
				GCC_WARN_UNUSED_FUNCTION = YES;
				GCC_WARN_UNUSED_VARIABLE = YES;
				IPHONEOS_DEPLOYMENT_TARGET = 16.2;
				MTL_ENABLE_DEBUG_INFO = NO;
				MTL_FAST_MATH = YES;
				SDKROOT = iphoneos;
				SWIFT_COMPILATION_MODE = wholemodule;
				SWIFT_OPTIMIZATION_LEVEL = "-O";
				VALIDATE_PRODUCT = YES;
			};
			name = Release;
		};
		4CD65F8A2978AADE00BC5C30 /* Debug */ = {
			isa = XCBuildConfiguration;
			buildSettings = {
				ASSETCATALOG_COMPILER_APPICON_NAME = AppIcon;
				ASSETCATALOG_COMPILER_GLOBAL_ACCENT_COLOR_NAME = AccentColor;
				CODE_SIGN_STYLE = Automatic;
				CURRENT_PROJECT_VERSION = 1;
				DEVELOPMENT_ASSET_PATHS = "\"FirstApp/Preview Content\"";
				ENABLE_PREVIEWS = YES;
				GENERATE_INFOPLIST_FILE = YES;
				INFOPLIST_KEY_CFBundleDisplayName = "First App";
				INFOPLIST_KEY_UIApplicationSceneManifest_Generation = YES;
				INFOPLIST_KEY_UIApplicationSupportsIndirectInputEvents = YES;
				INFOPLIST_KEY_UILaunchScreen_Generation = YES;
				INFOPLIST_KEY_UISupportedInterfaceOrientations_iPad = "UIInterfaceOrientationPortrait UIInterfaceOrientationPortraitUpsideDown UIInterfaceOrientationLandscapeLeft UIInterfaceOrientationLandscapeRight";
				INFOPLIST_KEY_UISupportedInterfaceOrientations_iPhone = "UIInterfaceOrientationPortrait UIInterfaceOrientationLandscapeLeft UIInterfaceOrientationLandscapeRight";
				LD_RUNPATH_SEARCH_PATHS = (
					"$(inherited)",
					"@executable_path/Frameworks",
				);
				MARKETING_VERSION = 1.0;
				PRODUCT_BUNDLE_IDENTIFIER = nl.joramkwetters.FirstApp;
				PRODUCT_NAME = "$(TARGET_NAME)";
				SWIFT_EMIT_LOC_STRINGS = YES;
				SWIFT_VERSION = 5.0;
				TARGETED_DEVICE_FAMILY = "1,2";
			};
			name = Debug;
		};
		4CD65F8B2978AADE00BC5C30 /* Release */ = {
			isa = XCBuildConfiguration;
			buildSettings = {
				ASSETCATALOG_COMPILER_APPICON_NAME = AppIcon;
				ASSETCATALOG_COMPILER_GLOBAL_ACCENT_COLOR_NAME = AccentColor;
				CODE_SIGN_STYLE = Automatic;
				CURRENT_PROJECT_VERSION = 1;
				DEVELOPMENT_ASSET_PATHS = "\"FirstApp/Preview Content\"";
				ENABLE_PREVIEWS = YES;
				GENERATE_INFOPLIST_FILE = YES;
				INFOPLIST_KEY_CFBundleDisplayName = "First App";
				INFOPLIST_KEY_UIApplicationSceneManifest_Generation = YES;
				INFOPLIST_KEY_UIApplicationSupportsIndirectInputEvents = YES;
				INFOPLIST_KEY_UILaunchScreen_Generation = YES;
				INFOPLIST_KEY_UISupportedInterfaceOrientations_iPad = "UIInterfaceOrientationPortrait UIInterfaceOrientationPortraitUpsideDown UIInterfaceOrientationLandscapeLeft UIInterfaceOrientationLandscapeRight";
				INFOPLIST_KEY_UISupportedInterfaceOrientations_iPhone = "UIInterfaceOrientationPortrait UIInterfaceOrientationLandscapeLeft UIInterfaceOrientationLandscapeRight";
				LD_RUNPATH_SEARCH_PATHS = (
					"$(inherited)",
					"@executable_path/Frameworks",
				);
				MARKETING_VERSION = 1.0;
				PRODUCT_BUNDLE_IDENTIFIER = nl.joramkwetters.FirstApp;
				PRODUCT_NAME = "$(TARGET_NAME)";
				SWIFT_EMIT_LOC_STRINGS = YES;
				SWIFT_VERSION = 5.0;
				TARGETED_DEVICE_FAMILY = "1,2";
			};
			name = Release;
		};
		4CD65F8D2978AADE00BC5C30 /* Debug */ = {
			isa = XCBuildConfiguration;
			buildSettings = {
				ALWAYS_EMBED_SWIFT_STANDARD_LIBRARIES = YES;
				BUNDLE_LOADER = "$(TEST_HOST)";
				CODE_SIGN_STYLE = Automatic;
				CURRENT_PROJECT_VERSION = 1;
				GENERATE_INFOPLIST_FILE = YES;
				IPHONEOS_DEPLOYMENT_TARGET = 16.2;
				MARKETING_VERSION = 1.0;
				PRODUCT_BUNDLE_IDENTIFIER = nl.joramkwetters.FirstAppTests;
				PRODUCT_NAME = "$(TARGET_NAME)";
				SWIFT_EMIT_LOC_STRINGS = NO;
				SWIFT_VERSION = 5.0;
				TARGETED_DEVICE_FAMILY = "1,2";
				TEST_HOST = "$(BUILT_PRODUCTS_DIR)/FirstApp.app/$(BUNDLE_EXECUTABLE_FOLDER_PATH)/FirstApp";
			};
			name = Debug;
		};
		4CD65F8E2978AADE00BC5C30 /* Release */ = {
			isa = XCBuildConfiguration;
			buildSettings = {
				ALWAYS_EMBED_SWIFT_STANDARD_LIBRARIES = YES;
				BUNDLE_LOADER = "$(TEST_HOST)";
				CODE_SIGN_STYLE = Automatic;
				CURRENT_PROJECT_VERSION = 1;
				GENERATE_INFOPLIST_FILE = YES;
				IPHONEOS_DEPLOYMENT_TARGET = 16.2;
				MARKETING_VERSION = 1.0;
				PRODUCT_BUNDLE_IDENTIFIER = nl.joramkwetters.FirstAppTests;
				PRODUCT_NAME = "$(TARGET_NAME)";
				SWIFT_EMIT_LOC_STRINGS = NO;
				SWIFT_VERSION = 5.0;
				TARGETED_DEVICE_FAMILY = "1,2";
				TEST_HOST = "$(BUILT_PRODUCTS_DIR)/FirstApp.app/$(BUNDLE_EXECUTABLE_FOLDER_PATH)/FirstApp";
			};
			name = Release;
		};
		4CD65F902978AADE00BC5C30 /* Debug */ = {
			isa = XCBuildConfiguration;
			buildSettings = {
				ALWAYS_EMBED_SWIFT_STANDARD_LIBRARIES = YES;
				CODE_SIGN_STYLE = Automatic;
				CURRENT_PROJECT_VERSION = 1;
				GENERATE_INFOPLIST_FILE = YES;
				MARKETING_VERSION = 1.0;
				PRODUCT_BUNDLE_IDENTIFIER = nl.joramkwetters.FirstAppUITests;
				PRODUCT_NAME = "$(TARGET_NAME)";
				SWIFT_EMIT_LOC_STRINGS = NO;
				SWIFT_VERSION = 5.0;
				TARGETED_DEVICE_FAMILY = "1,2";
				TEST_TARGET_NAME = FirstApp;
			};
			name = Debug;
		};
		4CD65F912978AADE00BC5C30 /* Release */ = {
			isa = XCBuildConfiguration;
			buildSettings = {
				ALWAYS_EMBED_SWIFT_STANDARD_LIBRARIES = YES;
				CODE_SIGN_STYLE = Automatic;
				CURRENT_PROJECT_VERSION = 1;
				GENERATE_INFOPLIST_FILE = YES;
				MARKETING_VERSION = 1.0;
				PRODUCT_BUNDLE_IDENTIFIER = nl.joramkwetters.FirstAppUITests;
				PRODUCT_NAME = "$(TARGET_NAME)";
				SWIFT_EMIT_LOC_STRINGS = NO;
				SWIFT_VERSION = 5.0;
				TARGETED_DEVICE_FAMILY = "1,2";
				TEST_TARGET_NAME = FirstApp;
			};
			name = Release;
		};
/* End XCBuildConfiguration section */

/* Begin XCConfigurationList section */
		4CD65F602978AADC00BC5C30 /* Build configuration list for PBXProject "FirstApp" */ = {
			isa = XCConfigurationList;
			buildConfigurations = (
				4CD65F872978AADE00BC5C30 /* Debug */,
				4CD65F882978AADE00BC5C30 /* Release */,
			);
			defaultConfigurationIsVisible = 0;
			defaultConfigurationName = Release;
		};
		4CD65F892978AADE00BC5C30 /* Build configuration list for PBXNativeTarget "FirstApp" */ = {
			isa = XCConfigurationList;
			buildConfigurations = (
				4CD65F8A2978AADE00BC5C30 /* Debug */,
				4CD65F8B2978AADE00BC5C30 /* Release */,
			);
			defaultConfigurationIsVisible = 0;
			defaultConfigurationName = Release;
		};
		4CD65F8C2978AADE00BC5C30 /* Build configuration list for PBXNativeTarget "FirstAppTests" */ = {
			isa = XCConfigurationList;
			buildConfigurations = (
				4CD65F8D2978AADE00BC5C30 /* Debug */,
				4CD65F8E2978AADE00BC5C30 /* Release */,
			);
			defaultConfigurationIsVisible = 0;
			defaultConfigurationName = Release;
		};
		4CD65F8F2978AADE00BC5C30 /* Build configuration list for PBXNativeTarget "FirstAppUITests" */ = {
			isa = XCConfigurationList;
			buildConfigurations = (
				4CD65F902978AADE00BC5C30 /* Debug */,
				4CD65F912978AADE00BC5C30 /* Release */,
			);
			defaultConfigurationIsVisible = 0;
			defaultConfigurationName = Release;
		};
/* End XCConfigurationList section */
	};
	rootObject = 4CD65F5D2978AADC00BC5C30 /* Project object */;
}
